
Microsoft Visual Studio Solution File, Format Version 12.00
Project("{FAE04EC0-301F-11D3-BF4B-00C04F79EFBC}") = "Plugin.DiscordCustomCommands", "Plugin.DiscordCustomCommands.csproj", "{47C0D58D-3C03-44AE-9B29-7A55FEE977D2}"
EndProject
Global
	GlobalSection(SolutionConfigurationPlatforms) = preSolution
		Debug|Any CPU = Debug|Any CPU
		Release|Any CPU = Release|Any CPU
	EndGlobalSection
	GlobalSection(ProjectConfigurationPlatforms) = postSolution
		{47C0D58D-3C03-44AE-9B29-7A55FEE977D2}.Debug|Any CPU.ActiveCfg = Debug|Any CPU
		{47C0D58D-3C03-44AE-9B29-7A55FEE977D2}.Debug|Any CPU.Build.0 = Debug|Any CPU
		{47C0D58D-3C03-44AE-9B29-7A55FEE977D2}.Release|Any CPU.ActiveCfg = Release|Any CPU
		{47C0D58D-3C03-44AE-9B29-7A55FEE977D2}.Release|Any CPU.Build.0 = Release|Any CPU
	EndGlobalSection
EndGlobal
